dependencies:
- name: couchdb
  repository: http://storage.googleapis.com/kubernetes-charts-incubator
  version: 0.1.6
- name: cloudless-kubeseal
  repository: file://../cloudless-kubeseal
  version: 0.1.0
digest: sha256:b482489803df92caafd74945a8a3f7f2c13b243cc866331fd9e4aec6fb63335f
generated: 2018-07-23T12:02:49.86073023+02:00
