dependencies:
- name: couchdb
  repository: http://storage.googleapis.com/kubernetes-charts-incubator
  version: 0.1.6
- name: cloudless-kubeseal
  repository: file://../cloudless-kubeseal
  version: 0.1.0
- name: fluent-bit
  repository: https://kubernetes-charts.storage.googleapis.com
  version: 0.6.0
digest: sha256:7cada9c6d5c89fb7f3881ce98174981649d4a3c6835e951c356b39bee1db06c8
generated: 2018-07-24T17:10:07.239521728+02:00
