dependencies:
- name: couchdb
  repository: http://storage.googleapis.com/kubernetes-charts-incubator
  version: 0.1.6
- name: cloudless-kubeseal
  repository: file://../cloudless-kubeseal
  version: 0.1.0
- name: fluent-bit
  repository: https://kubernetes-charts.storage.googleapis.com
  version: 0.6.0
digest: sha256:04d133249e4f6fecaa9ddc9a7be8780d4f792ba3d7a9f31cb5f395347168b691
generated: 2018-07-03T14:50:06.556351355+02:00
